
Microsoft Visual Studio Solution File, Format Version 12.00
# Visual Studio Version 17
VisualStudioVersion = 17.4.33205.214
MinimumVisualStudioVersion = 10.0.40219.1
Project("{FAE04EC0-301F-11D3-BF4B-00C04F79EFBC}") = "TechShop", "TechShop\TechShop.csproj", "{5BD1C709-226F-4D98-ACAC-3DD9EE9E6949}"
EndProject
Global
	GlobalSection(SolutionConfigurationPlatforms) = preSolution
		Debug|Any CPU = Debug|Any CPU
		Release|Any CPU = Release|Any CPU
	EndGlobalSection
	GlobalSection(ProjectConfigurationPlatforms) = postSolution
		{5BD1C709-226F-4D98-ACAC-3DD9EE9E6949}.Debug|Any CPU.ActiveCfg = Debug|Any CPU
		{5BD1C709-226F-4D98-ACAC-3DD9EE9E6949}.Debug|Any CPU.Build.0 = Debug|Any CPU
		{5BD1C709-226F-4D98-ACAC-3DD9EE9E6949}.Release|Any CPU.ActiveCfg = Release|Any CPU
		{5BD1C709-226F-4D98-ACAC-3DD9EE9E6949}.Release|Any CPU.Build.0 = Release|Any CPU
	EndGlobalSection
	GlobalSection(SolutionProperties) = preSolution
		HideSolutionNode = FALSE
	EndGlobalSection
	GlobalSection(ExtensibilityGlobals) = postSolution
		SolutionGuid = {30DF7234-3B76-4DF1-88A0-6DD088B1FF09}
	EndGlobalSection
EndGlobal
